// !$*UTF8*$!
{
	archiveVersion = 1;
	classes = {
	};
	objectVersion = 51;
	objects = {

/* Begin PBXBuildFile section */
		0519B39025BF383900C72AFF /* Combine.framework in Frameworks */ = {isa = PBXBuildFile; fileRef = 0519B38F25BF383900C72AFF /* Combine.framework */; };
		0519B39125BF385300C72AFF /* Combine.framework in Frameworks */ = {isa = PBXBuildFile; fileRef = 0519B38F25BF383900C72AFF /* Combine.framework */; };
		0519B39425BF38C900C72AFF /* ApiService.swift in Sources */ = {isa = PBXBuildFile; fileRef = 0519B39325BF38C900C72AFF /* ApiService.swift */; };
		0524DF6C25BF2EB400C2CC53 /* AppDelegate.swift in Sources */ = {isa = PBXBuildFile; fileRef = 0524DF6B25BF2EB400C2CC53 /* AppDelegate.swift */; };
		0524DF6E25BF2EB400C2CC53 /* SceneDelegate.swift in Sources */ = {isa = PBXBuildFile; fileRef = 0524DF6D25BF2EB400C2CC53 /* SceneDelegate.swift */; };
		0524DF7025BF2EB400C2CC53 /* ViewController.swift in Sources */ = {isa = PBXBuildFile; fileRef = 0524DF6F25BF2EB400C2CC53 /* ViewController.swift */; };
		0524DF7325BF2EB400C2CC53 /* Main.storyboard in Resources */ = {isa = PBXBuildFile; fileRef = 0524DF7125BF2EB400C2CC53 /* Main.storyboard */; };
		0524DF7525BF2EB800C2CC53 /* Assets.xcassets in Resources */ = {isa = PBXBuildFile; fileRef = 0524DF7425BF2EB800C2CC53 /* Assets.xcassets */; };
		0524DF7825BF2EB800C2CC53 /* LaunchScreen.storyboard in Resources */ = {isa = PBXBuildFile; fileRef = 0524DF7625BF2EB800C2CC53 /* LaunchScreen.storyboard */; };
		0524DF8325BF2EB800C2CC53 /* ImagezzTests.swift in Sources */ = {isa = PBXBuildFile; fileRef = 0524DF8225BF2EB800C2CC53 /* ImagezzTests.swift */; };
		0524DF8E25BF2EB800C2CC53 /* ImagezzUITests.swift in Sources */ = {isa = PBXBuildFile; fileRef = 0524DF8D25BF2EB800C2CC53 /* ImagezzUITests.swift */; };
		4CD9BF5CCED5F50CA5F48CE7 /* Pods_Imagezz.framework in Frameworks */ = {isa = PBXBuildFile; fileRef = 680A88B521D2A78B682617CF /* Pods_Imagezz.framework */; };
		A05EA0519E9BAF0149E803E3 /* Pods_ImagezzUITests.framework in Frameworks */ = {isa = PBXBuildFile; fileRef = F1CA91676EFDA91A8F9D4071 /* Pods_ImagezzUITests.framework */; };
		F0E741783E8E28A772322245 /* Pods_ImagezzTests.framework in Frameworks */ = {isa = PBXBuildFile; fileRef = DDF7923BDE1F5F6F1937020A /* Pods_ImagezzTests.framework */; };
/* End PBXBuildFile section */

/* Begin PBXContainerItemProxy section */
		0524DF7F25BF2EB800C2CC53 /* PBXContainerItemProxy */ = {
			isa = PBXContainerItemProxy;
			containerPortal = 0524DF6025BF2EB400C2CC53 /* Project object */;
			proxyType = 1;
			remoteGlobalIDString = 0524DF6725BF2EB400C2CC53;
			remoteInfo = Imagezz;
		};
		0524DF8A25BF2EB800C2CC53 /* PBXContainerItemProxy */ = {
			isa = PBXContainerItemProxy;
			containerPortal = 0524DF6025BF2EB400C2CC53 /* Project object */;
			proxyType = 1;
			remoteGlobalIDString = 0524DF6725BF2EB400C2CC53;
			remoteInfo = Imagezz;
		};
/* End PBXContainerItemProxy section */

/* Begin PBXFileReference section */
		0519B38F25BF383900C72AFF /* Combine.framework */ = {isa = PBXFileReference; lastKnownFileType = wrapper.framework; name = Combine.framework; path = System/Library/Frameworks/Combine.framework; sourceTree = SDKROOT; };
		0519B39325BF38C900C72AFF /* ApiService.swift */ = {isa = PBXFileReference; lastKnownFileType = sourcecode.swift; path = ApiService.swift; sourceTree = "<group>"; };
		0524DF6825BF2EB400C2CC53 /* Imagezz.app */ = {isa = PBXFileReference; explicitFileType = wrapper.application; includeInIndex = 0; path = Imagezz.app; sourceTree = BUILT_PRODUCTS_DIR; };
		0524DF6B25BF2EB400C2CC53 /* AppDelegate.swift */ = {isa = PBXFileReference; lastKnownFileType = sourcecode.swift; path = AppDelegate.swift; sourceTree = "<group>"; };
		0524DF6D25BF2EB400C2CC53 /* SceneDelegate.swift */ = {isa = PBXFileReference; lastKnownFileType = sourcecode.swift; path = SceneDelegate.swift; sourceTree = "<group>"; };
		0524DF6F25BF2EB400C2CC53 /* ViewController.swift */ = {isa = PBXFileReference; lastKnownFileType = sourcecode.swift; path = ViewController.swift; sourceTree = "<group>"; };
		0524DF7225BF2EB400C2CC53 /* Base */ = {isa = PBXFileReference; lastKnownFileType = file.storyboard; name = Base; path = Base.lproj/Main.storyboard; sourceTree = "<group>"; };
		0524DF7425BF2EB800C2CC53 /* Assets.xcassets */ = {isa = PBXFileReference; lastKnownFileType = folder.assetcatalog; path = Assets.xcassets; sourceTree = "<group>"; };
		0524DF7725BF2EB800C2CC53 /* Base */ = {isa = PBXFileReference; lastKnownFileType = file.storyboard; name = Base; path = Base.lproj/LaunchScreen.storyboard; sourceTree = "<group>"; };
		0524DF7925BF2EB800C2CC53 /* Info.plist */ = {isa = PBXFileReference; lastKnownFileType = text.plist.xml; path = Info.plist; sourceTree = "<group>"; };
		0524DF7E25BF2EB800C2CC53 /* ImagezzTests.xctest */ = {isa = PBXFileReference; explicitFileType = wrapper.cfbundle; includeInIndex = 0; path = ImagezzTests.xctest; sourceTree = BUILT_PRODUCTS_DIR; };
		0524DF8225BF2EB800C2CC53 /* ImagezzTests.swift */ = {isa = PBXFileReference; lastKnownFileType = sourcecode.swift; path = ImagezzTests.swift; sourceTree = "<group>"; };
		0524DF8425BF2EB800C2CC53 /* Info.plist */ = {isa = PBXFileReference; lastKnownFileType = text.plist.xml; path = Info.plist; sourceTree = "<group>"; };
		0524DF8925BF2EB800C2CC53 /* ImagezzUITests.xctest */ = {isa = PBXFileReference; explicitFileType = wrapper.cfbundle; includeInIndex = 0; path = ImagezzUITests.xctest; sourceTree = BUILT_PRODUCTS_DIR; };
		0524DF8D25BF2EB800C2CC53 /* ImagezzUITests.swift */ = {isa = PBXFileReference; lastKnownFileType = sourcecode.swift; path = ImagezzUITests.swift; sourceTree = "<group>"; };
		0524DF8F25BF2EB800C2CC53 /* Info.plist */ = {isa = PBXFileReference; lastKnownFileType = text.plist.xml; path = Info.plist; sourceTree = "<group>"; };
		0DDCB2071CEF78870E0C863F /* Pods-ImagezzUITests.release.xcconfig */ = {isa = PBXFileReference; includeInIndex = 1; lastKnownFileType = text.xcconfig; name = "Pods-ImagezzUITests.release.xcconfig"; path = "Target Support Files/Pods-ImagezzUITests/Pods-ImagezzUITests.release.xcconfig"; sourceTree = "<group>"; };
		3B4413C93B613156FAD55636 /* Pods-Imagezz.debug.xcconfig */ = {isa = PBXFileReference; includeInIndex = 1; lastKnownFileType = text.xcconfig; name = "Pods-Imagezz.debug.xcconfig"; path = "Target Support Files/Pods-Imagezz/Pods-Imagezz.debug.xcconfig"; sourceTree = "<group>"; };
		48B9EC326392CF985C7D5870 /* Pods-ImagezzTests.debug.xcconfig */ = {isa = PBXFileReference; includeInIndex = 1; lastKnownFileType = text.xcconfig; name = "Pods-ImagezzTests.debug.xcconfig"; path = "Target Support Files/Pods-ImagezzTests/Pods-ImagezzTests.debug.xcconfig"; sourceTree = "<group>"; };
		680A88B521D2A78B682617CF /* Pods_Imagezz.framework */ = {isa = PBXFileReference; explicitFileType = wrapper.framework; includeInIndex = 0; path = Pods_Imagezz.framework; sourceTree = BUILT_PRODUCTS_DIR; };
		818C755300BE7382967DA2F7 /* Pods-Imagezz.release.xcconfig */ = {isa = PBXFileReference; includeInIndex = 1; lastKnownFileType = text.xcconfig; name = "Pods-Imagezz.release.xcconfig"; path = "Target Support Files/Pods-Imagezz/Pods-Imagezz.release.xcconfig"; sourceTree = "<group>"; };
		DAAB0F46F5DE53AAC30763B2 /* Pods-ImagezzTests.release.xcconfig */ = {isa = PBXFileReference; includeInIndex = 1; lastKnownFileType = text.xcconfig; name = "Pods-ImagezzTests.release.xcconfig"; path = "Target Support Files/Pods-ImagezzTests/Pods-ImagezzTests.release.xcconfig"; sourceTree = "<group>"; };
		DDF7923BDE1F5F6F1937020A /* Pods_ImagezzTests.framework */ = {isa = PBXFileReference; explicitFileType = wrapper.framework; includeInIndex = 0; path = Pods_ImagezzTests.framework; sourceTree = BUILT_PRODUCTS_DIR; };
		ECAFF487C99A2A92F59FB34E /* Pods-ImagezzUITests.debug.xcconfig */ = {isa = PBXFileReference; includeInIndex = 1; lastKnownFileType = text.xcconfig; name = "Pods-ImagezzUITests.debug.xcconfig"; path = "Target Support Files/Pods-ImagezzUITests/Pods-ImagezzUITests.debug.xcconfig"; sourceTree = "<group>"; };
		F1CA91676EFDA91A8F9D4071 /* Pods_ImagezzUITests.framework */ = {isa = PBXFileReference; explicitFileType = wrapper.framework; includeInIndex = 0; path = Pods_ImagezzUITests.framework; sourceTree = BUILT_PRODUCTS_DIR; };
/* End PBXFileReference section */

/* Begin PBXFrameworksBuildPhase section */
		0524DF6525BF2EB400C2CC53 /* Frameworks */ = {
			isa = PBXFrameworksBuildPhase;
			buildActionMask = 2147483647;
			files = (
				0519B39025BF383900C72AFF /* Combine.framework in Frameworks */,
				4CD9BF5CCED5F50CA5F48CE7 /* Pods_Imagezz.framework in Frameworks */,
			);
			runOnlyForDeploymentPostprocessing = 0;
		};
		0524DF7B25BF2EB800C2CC53 /* Frameworks */ = {
			isa = PBXFrameworksBuildPhase;
			buildActionMask = 2147483647;
			files = (
				0519B39125BF385300C72AFF /* Combine.framework in Frameworks */,
				F0E741783E8E28A772322245 /* Pods_ImagezzTests.framework in Frameworks */,
			);
			runOnlyForDeploymentPostprocessing = 0;
		};
		0524DF8625BF2EB800C2CC53 /* Frameworks */ = {
			isa = PBXFrameworksBuildPhase;
			buildActionMask = 2147483647;
			files = (
				A05EA0519E9BAF0149E803E3 /* Pods_ImagezzUITests.framework in Frameworks */,
			);
			runOnlyForDeploymentPostprocessing = 0;
		};
/* End PBXFrameworksBuildPhase section */

/* Begin PBXGroup section */
		0519B39225BF38B400C72AFF /* Services */ = {
			isa = PBXGroup;
			children = (
				0519B39325BF38C900C72AFF /* ApiService.swift */,
			);
			path = Services;
			sourceTree = "<group>";
		};
		0524DF5F25BF2EB400C2CC53 = {
			isa = PBXGroup;
			children = (
				0524DF6A25BF2EB400C2CC53 /* Imagezz */,
				0524DF8125BF2EB800C2CC53 /* ImagezzTests */,
				0524DF8C25BF2EB800C2CC53 /* ImagezzUITests */,
				0524DF6925BF2EB400C2CC53 /* Products */,
				2839068792A956596D82F390 /* Pods */,
				B9780B408152EC3A25855235 /* Frameworks */,
			);
			sourceTree = "<group>";
		};
		0524DF6925BF2EB400C2CC53 /* Products */ = {
			isa = PBXGroup;
			children = (
				0524DF6825BF2EB400C2CC53 /* Imagezz.app */,
				0524DF7E25BF2EB800C2CC53 /* ImagezzTests.xctest */,
				0524DF8925BF2EB800C2CC53 /* ImagezzUITests.xctest */,
			);
			name = Products;
			sourceTree = "<group>";
		};
		0524DF6A25BF2EB400C2CC53 /* Imagezz */ = {
			isa = PBXGroup;
			children = (
				05893B4625BF3C730092CC0A /* Model */,
				0519B39225BF38B400C72AFF /* Services */,
				0524DF6B25BF2EB400C2CC53 /* AppDelegate.swift */,
				0524DF6D25BF2EB400C2CC53 /* SceneDelegate.swift */,
				0524DF6F25BF2EB400C2CC53 /* ViewController.swift */,
				0524DF7125BF2EB400C2CC53 /* Main.storyboard */,
				0524DF7425BF2EB800C2CC53 /* Assets.xcassets */,
				0524DF7625BF2EB800C2CC53 /* LaunchScreen.storyboard */,
				0524DF7925BF2EB800C2CC53 /* Info.plist */,
			);
			path = Imagezz;
			sourceTree = "<group>";
		};
		0524DF8125BF2EB800C2CC53 /* ImagezzTests */ = {
			isa = PBXGroup;
			children = (
				0524DF8225BF2EB800C2CC53 /* ImagezzTests.swift */,
				0524DF8425BF2EB800C2CC53 /* Info.plist */,
			);
			path = ImagezzTests;
			sourceTree = "<group>";
		};
		0524DF8C25BF2EB800C2CC53 /* ImagezzUITests */ = {
			isa = PBXGroup;
			children = (
				0524DF8D25BF2EB800C2CC53 /* ImagezzUITests.swift */,
				0524DF8F25BF2EB800C2CC53 /* Info.plist */,
			);
			path = ImagezzUITests;
			sourceTree = "<group>";
		};
		05893B4625BF3C730092CC0A /* Model */ = {
			isa = PBXGroup;
			children = (
			);
			path = Model;
			sourceTree = "<group>";
		};
		2839068792A956596D82F390 /* Pods */ = {
			isa = PBXGroup;
			children = (
				48B9EC326392CF985C7D5870 /* Pods-ImagezzTests.debug.xcconfig */,
				DAAB0F46F5DE53AAC30763B2 /* Pods-ImagezzTests.release.xcconfig */,
				ECAFF487C99A2A92F59FB34E /* Pods-ImagezzUITests.debug.xcconfig */,
				0DDCB2071CEF78870E0C863F /* Pods-ImagezzUITests.release.xcconfig */,
				3B4413C93B613156FAD55636 /* Pods-Imagezz.debug.xcconfig */,
				818C755300BE7382967DA2F7 /* Pods-Imagezz.release.xcconfig */,
			);
			path = Pods;
			sourceTree = "<group>";
		};
		B9780B408152EC3A25855235 /* Frameworks */ = {
			isa = PBXGroup;
			children = (
				0519B38F25BF383900C72AFF /* Combine.framework */,
				DDF7923BDE1F5F6F1937020A /* Pods_ImagezzTests.framework */,
				F1CA91676EFDA91A8F9D4071 /* Pods_ImagezzUITests.framework */,
				680A88B521D2A78B682617CF /* Pods_Imagezz.framework */,
			);
			name = Frameworks;
			sourceTree = "<group>";
		};
/* End PBXGroup section */

/* Begin PBXNativeTarget section */
		0524DF6725BF2EB400C2CC53 /* Imagezz */ = {
			isa = PBXNativeTarget;
			buildConfigurationList = 0524DF9225BF2EB800C2CC53 /* Build configuration list for PBXNativeTarget "Imagezz" */;
			buildPhases = (
				0120B8B76C00EBF9110BAE01 /* [CP] Check Pods Manifest.lock */,
				0524DF6425BF2EB400C2CC53 /* Sources */,
				0524DF6525BF2EB400C2CC53 /* Frameworks */,
				0524DF6625BF2EB400C2CC53 /* Resources */,
				715E576A4613D97971AF7E66 /* [CP] Embed Pods Frameworks */,
			);
			buildRules = (
			);
			dependencies = (
			);
			name = Imagezz;
			productName = Imagezz;
			productReference = 0524DF6825BF2EB400C2CC53 /* Imagezz.app */;
			productType = "com.apple.product-type.application";
		};
		0524DF7D25BF2EB800C2CC53 /* ImagezzTests */ = {
			isa = PBXNativeTarget;
			buildConfigurationList = 0524DF9525BF2EB800C2CC53 /* Build configuration list for PBXNativeTarget "ImagezzTests" */;
			buildPhases = (
				7806425ACE3A1BDB1EF1253A /* [CP] Check Pods Manifest.lock */,
				0524DF7A25BF2EB800C2CC53 /* Sources */,
				0524DF7B25BF2EB800C2CC53 /* Frameworks */,
				0524DF7C25BF2EB800C2CC53 /* Resources */,
				A1B6957906254B421D49BB26 /* [CP] Embed Pods Frameworks */,
			);
			buildRules = (
			);
			dependencies = (
				0524DF8025BF2EB800C2CC53 /* PBXTargetDependency */,
			);
			name = ImagezzTests;
			productName = ImagezzTests;
			productReference = 0524DF7E25BF2EB800C2CC53 /* ImagezzTests.xctest */;
			productType = "com.apple.product-type.bundle.unit-test";
		};
		0524DF8825BF2EB800C2CC53 /* ImagezzUITests */ = {
			isa = PBXNativeTarget;
			buildConfigurationList = 0524DF9825BF2EB800C2CC53 /* Build configuration list for PBXNativeTarget "ImagezzUITests" */;
			buildPhases = (
				4B652D3AFD43BF8D51C961EF /* [CP] Check Pods Manifest.lock */,
				0524DF8525BF2EB800C2CC53 /* Sources */,
				0524DF8625BF2EB800C2CC53 /* Frameworks */,
				0524DF8725BF2EB800C2CC53 /* Resources */,
				8D5673676818498CBA52B114 /* [CP] Embed Pods Frameworks */,
			);
			buildRules = (
			);
			dependencies = (
				0524DF8B25BF2EB800C2CC53 /* PBXTargetDependency */,
			);
			name = ImagezzUITests;
			productName = ImagezzUITests;
			productReference = 0524DF8925BF2EB800C2CC53 /* ImagezzUITests.xctest */;
			productType = "com.apple.product-type.bundle.ui-testing";
		};
/* End PBXNativeTarget section */

/* Begin PBXProject section */
		0524DF6025BF2EB400C2CC53 /* Project object */ = {
			isa = PBXProject;
			attributes = {
				LastSwiftUpdateCheck = 1140;
				LastUpgradeCheck = 1140;
				ORGANIZATIONNAME = fpoljak;
				TargetAttributes = {
					0524DF6725BF2EB400C2CC53 = {
						CreatedOnToolsVersion = 11.4.1;
					};
					0524DF7D25BF2EB800C2CC53 = {
						CreatedOnToolsVersion = 11.4.1;
						TestTargetID = 0524DF6725BF2EB400C2CC53;
					};
					0524DF8825BF2EB800C2CC53 = {
						CreatedOnToolsVersion = 11.4.1;
						TestTargetID = 0524DF6725BF2EB400C2CC53;
					};
				};
			};
			buildConfigurationList = 0524DF6325BF2EB400C2CC53 /* Build configuration list for PBXProject "Imagezz" */;
			compatibilityVersion = "Xcode 9.3";
			developmentRegion = en;
			hasScannedForEncodings = 0;
			knownRegions = (
				en,
				Base,
			);
			mainGroup = 0524DF5F25BF2EB400C2CC53;
			productRefGroup = 0524DF6925BF2EB400C2CC53 /* Products */;
			projectDirPath = "";
			projectRoot = "";
			targets = (
				0524DF6725BF2EB400C2CC53 /* Imagezz */,
				0524DF7D25BF2EB800C2CC53 /* ImagezzTests */,
				0524DF8825BF2EB800C2CC53 /* ImagezzUITests */,
			);
		};
/* End PBXProject section */

/* Begin PBXResourcesBuildPhase section */
		0524DF6625BF2EB400C2CC53 /* Resources */ = {
			isa = PBXResourcesBuildPhase;
			buildActionMask = 2147483647;
			files = (
				0524DF7825BF2EB800C2CC53 /* LaunchScreen.storyboard in Resources */,
				0524DF7525BF2EB800C2CC53 /* Assets.xcassets in Resources */,
				0524DF7325BF2EB400C2CC53 /* Main.storyboard in Resources */,
			);
			runOnlyForDeploymentPostprocessing = 0;
		};
		0524DF7C25BF2EB800C2CC53 /* Resources */ = {
			isa = PBXResourcesBuildPhase;
			buildActionMask = 2147483647;
			files = (
			);
			runOnlyForDeploymentPostprocessing = 0;
		};
		0524DF8725BF2EB800C2CC53 /* Resources */ = {
			isa = PBXResourcesBuildPhase;
			buildActionMask = 2147483647;
			files = (
			);
			runOnlyForDeploymentPostprocessing = 0;
		};
/* End PBXResourcesBuildPhase section */

/* Begin PBXShellScriptBuildPhase section */
		0120B8B76C00EBF9110BAE01 /* [CP] Check Pods Manifest.lock */ = {
			isa = PBXShellScriptBuildPhase;
			buildActionMask = 2147483647;
			files = (
			);
			inputFileListPaths = (
			);
			inputPaths = (
				"${PODS_PODFILE_DIR_PATH}/Podfile.lock",
				"${PODS_ROOT}/Manifest.lock",
			);
			name = "[CP] Check Pods Manifest.lock";
			outputFileListPaths = (
			);
			outputPaths = (
				"$(DERIVED_FILE_DIR)/Pods-Imagezz-checkManifestLockResult.txt",
			);
			runOnlyForDeploymentPostprocessing = 0;
			shellPath = /bin/sh;
			shellScript = "diff \"${PODS_PODFILE_DIR_PATH}/Podfile.lock\" \"${PODS_ROOT}/Manifest.lock\" > /dev/null\nif [ $? != 0 ] ; then\n    # print error to STDERR\n    echo \"error: The sandbox is not in sync with the Podfile.lock. Run 'pod install' or update your CocoaPods installation.\" >&2\n    exit 1\nfi\n# This output is used by Xcode 'outputs' to avoid re-running this script phase.\necho \"SUCCESS\" > \"${SCRIPT_OUTPUT_FILE_0}\"\n";
			showEnvVarsInLog = 0;
		};
		4B652D3AFD43BF8D51C961EF /* [CP] Check Pods Manifest.lock */ = {
			isa = PBXShellScriptBuildPhase;
			buildActionMask = 2147483647;
			files = (
			);
			inputFileListPaths = (
			);
			inputPaths = (
				"${PODS_PODFILE_DIR_PATH}/Podfile.lock",
				"${PODS_ROOT}/Manifest.lock",
			);
			name = "[CP] Check Pods Manifest.lock";
			outputFileListPaths = (
			);
			outputPaths = (
				"$(DERIVED_FILE_DIR)/Pods-ImagezzUITests-checkManifestLockResult.txt",
			);
			runOnlyForDeploymentPostprocessing = 0;
			shellPath = /bin/sh;
			shellScript = "diff \"${PODS_PODFILE_DIR_PATH}/Podfile.lock\" \"${PODS_ROOT}/Manifest.lock\" > /dev/null\nif [ $? != 0 ] ; then\n    # print error to STDERR\n    echo \"error: The sandbox is not in sync with the Podfile.lock. Run 'pod install' or update your CocoaPods installation.\" >&2\n    exit 1\nfi\n# This output is used by Xcode 'outputs' to avoid re-running this script phase.\necho \"SUCCESS\" > \"${SCRIPT_OUTPUT_FILE_0}\"\n";
			showEnvVarsInLog = 0;
		};
		715E576A4613D97971AF7E66 /* [CP] Embed Pods Frameworks */ = {
			isa = PBXShellScriptBuildPhase;
			buildActionMask = 2147483647;
			files = (
			);
			inputFileListPaths = (
				"${PODS_ROOT}/Target Support Files/Pods-Imagezz/Pods-Imagezz-frameworks-${CONFIGURATION}-input-files.xcfilelist",
			);
			name = "[CP] Embed Pods Frameworks";
			outputFileListPaths = (
				"${PODS_ROOT}/Target Support Files/Pods-Imagezz/Pods-Imagezz-frameworks-${CONFIGURATION}-output-files.xcfilelist",
			);
			runOnlyForDeploymentPostprocessing = 0;
			shellPath = /bin/sh;
			shellScript = "\"${PODS_ROOT}/Target Support Files/Pods-Imagezz/Pods-Imagezz-frameworks.sh\"\n";
			showEnvVarsInLog = 0;
		};
		7806425ACE3A1BDB1EF1253A /* [CP] Check Pods Manifest.lock */ = {
			isa = PBXShellScriptBuildPhase;
			buildActionMask = 2147483647;
			files = (
			);
			inputFileListPaths = (
			);
			inputPaths = (
				"${PODS_PODFILE_DIR_PATH}/Podfile.lock",
				"${PODS_ROOT}/Manifest.lock",
			);
			name = "[CP] Check Pods Manifest.lock";
			outputFileListPaths = (
			);
			outputPaths = (
				"$(DERIVED_FILE_DIR)/Pods-ImagezzTests-checkManifestLockResult.txt",
			);
			runOnlyForDeploymentPostprocessing = 0;
			shellPath = /bin/sh;
			shellScript = "diff \"${PODS_PODFILE_DIR_PATH}/Podfile.lock\" \"${PODS_ROOT}/Manifest.lock\" > /dev/null\nif [ $? != 0 ] ; then\n    # print error to STDERR\n    echo \"error: The sandbox is not in sync with the Podfile.lock. Run 'pod install' or update your CocoaPods installation.\" >&2\n    exit 1\nfi\n# This output is used by Xcode 'outputs' to avoid re-running this script phase.\necho \"SUCCESS\" > \"${SCRIPT_OUTPUT_FILE_0}\"\n";
			showEnvVarsInLog = 0;
		};
		8D5673676818498CBA52B114 /* [CP] Embed Pods Frameworks */ = {
			isa = PBXShellScriptBuildPhase;
			buildActionMask = 2147483647;
			files = (
			);
			inputFileListPaths = (
				"${PODS_ROOT}/Target Support Files/Pods-ImagezzUITests/Pods-ImagezzUITests-frameworks-${CONFIGURATION}-input-files.xcfilelist",
			);
			name = "[CP] Embed Pods Frameworks";
			outputFileListPaths = (
				"${PODS_ROOT}/Target Support Files/Pods-ImagezzUITests/Pods-ImagezzUITests-frameworks-${CONFIGURATION}-output-files.xcfilelist",
			);
			runOnlyForDeploymentPostprocessing = 0;
			shellPath = /bin/sh;
			shellScript = "\"${PODS_ROOT}/Target Support Files/Pods-ImagezzUITests/Pods-ImagezzUITests-frameworks.sh\"\n";
			showEnvVarsInLog = 0;
		};
		A1B6957906254B421D49BB26 /* [CP] Embed Pods Frameworks */ = {
			isa = PBXShellScriptBuildPhase;
			buildActionMask = 2147483647;
			files = (
			);
			inputFileListPaths = (
				"${PODS_ROOT}/Target Support Files/Pods-ImagezzTests/Pods-ImagezzTests-frameworks-${CONFIGURATION}-input-files.xcfilelist",
			);
			name = "[CP] Embed Pods Frameworks";
			outputFileListPaths = (
				"${PODS_ROOT}/Target Support Files/Pods-ImagezzTests/Pods-ImagezzTests-frameworks-${CONFIGURATION}-output-files.xcfilelist",
			);
			runOnlyForDeploymentPostprocessing = 0;
			shellPath = /bin/sh;
			shellScript = "\"${PODS_ROOT}/Target Support Files/Pods-ImagezzTests/Pods-ImagezzTests-frameworks.sh\"\n";
			showEnvVarsInLog = 0;
		};
/* End PBXShellScriptBuildPhase section */

/* Begin PBXSourcesBuildPhase section */
		0524DF6425BF2EB400C2CC53 /* Sources */ = {
			isa = PBXSourcesBuildPhase;
			buildActionMask = 2147483647;
			files = (
				0524DF7025BF2EB400C2CC53 /* ViewController.swift in Sources */,
				0524DF6C25BF2EB400C2CC53 /* AppDelegate.swift in Sources */,
				0519B39425BF38C900C72AFF /* ApiService.swift in Sources */,
				0524DF6E25BF2EB400C2CC53 /* SceneDelegate.swift in Sources */,
			);
			runOnlyForDeploymentPostprocessing = 0;
		};
		0524DF7A25BF2EB800C2CC53 /* Sources */ = {
			isa = PBXSourcesBuildPhase;
			buildActionMask = 2147483647;
			files = (
				0524DF8325BF2EB800C2CC53 /* ImagezzTests.swift in Sources */,
			);
			runOnlyForDeploymentPostprocessing = 0;
		};
		0524DF8525BF2EB800C2CC53 /* Sources */ = {
			isa = PBXSourcesBuildPhase;
			buildActionMask = 2147483647;
			files = (
				0524DF8E25BF2EB800C2CC53 /* ImagezzUITests.swift in Sources */,
			);
			runOnlyForDeploymentPostprocessing = 0;
		};
/* End PBXSourcesBuildPhase section */

/* Begin PBXTargetDependency section */
		0524DF8025BF2EB800C2CC53 /* PBXTargetDependency */ = {
			isa = PBXTargetDependency;
			target = 0524DF6725BF2EB400C2CC53 /* Imagezz */;
			targetProxy = 0524DF7F25BF2EB800C2CC53 /* PBXContainerItemProxy */;
		};
		0524DF8B25BF2EB800C2CC53 /* PBXTargetDependency */ = {
			isa = PBXTargetDependency;
			target = 0524DF6725BF2EB400C2CC53 /* Imagezz */;
			targetProxy = 0524DF8A25BF2EB800C2CC53 /* PBXContainerItemProxy */;
		};
/* End PBXTargetDependency section */

/* Begin PBXVariantGroup section */
		0524DF7125BF2EB400C2CC53 /* Main.storyboard */ = {
			isa = PBXVariantGroup;
			children = (
				0524DF7225BF2EB400C2CC53 /* Base */,
			);
			name = Main.storyboard;
			sourceTree = "<group>";
		};
		0524DF7625BF2EB800C2CC53 /* LaunchScreen.storyboard */ = {
			isa = PBXVariantGroup;
			children = (
				0524DF7725BF2EB800C2CC53 /* Base */,
			);
			name = LaunchScreen.storyboard;
			sourceTree = "<group>";
		};
/* End PBXVariantGroup section */

/* Begin XCBuildConfiguration section */
		0524DF9025BF2EB800C2CC53 /* Debug */ = {
			isa = XCBuildConfiguration;
			buildSettings = {
				ALWAYS_SEARCH_USER_PATHS = NO;
				CLANG_ANALYZER_NONNULL = YES;
				CLANG_ANALYZER_NUMBER_OBJECT_CONVERSION = YES_AGGRESSIVE;
				CLANG_CXX_LANGUAGE_STANDARD = "gnu++14";
				CLANG_CXX_LIBRARY = "libc++";
				CLANG_ENABLE_MODULES = YES;
				CLANG_ENABLE_OBJC_ARC = YES;
				CLANG_ENABLE_OBJC_WEAK = YES;
				CLANG_WARN_BLOCK_CAPTURE_AUTORELEASING = YES;
				CLANG_WARN_BOOL_CONVERSION = YES;
				CLANG_WARN_COMMA = YES;
				CLANG_WARN_CONSTANT_CONVERSION = YES;
				CLANG_WARN_DEPRECATED_OBJC_IMPLEMENTATIONS = YES;
				CLANG_WARN_DIRECT_OBJC_ISA_USAGE = YES_ERROR;
				CLANG_WARN_DOCUMENTATION_COMMENTS = YES;
				CLANG_WARN_EMPTY_BODY = YES;
				CLANG_WARN_ENUM_CONVERSION = YES;
				CLANG_WARN_INFINITE_RECURSION = YES;
				CLANG_WARN_INT_CONVERSION = YES;
				CLANG_WARN_NON_LITERAL_NULL_CONVERSION = YES;
				CLANG_WARN_OBJC_IMPLICIT_RETAIN_SELF = YES;
				CLANG_WARN_OBJC_LITERAL_CONVERSION = YES;
				CLANG_WARN_OBJC_ROOT_CLASS = YES_ERROR;
				CLANG_WARN_RANGE_LOOP_ANALYSIS = YES;
				CLANG_WARN_STRICT_PROTOTYPES = YES;
				CLANG_WARN_SUSPICIOUS_MOVE = YES;
				CLANG_WARN_UNGUARDED_AVAILABILITY = YES_AGGRESSIVE;
				CLANG_WARN_UNREACHABLE_CODE = YES;
				CLANG_WARN__DUPLICATE_METHOD_MATCH = YES;
				COPY_PHASE_STRIP = NO;
				DEBUG_INFORMATION_FORMAT = dwarf;
				ENABLE_STRICT_OBJC_MSGSEND = YES;
				ENABLE_TESTABILITY = YES;
				GCC_C_LANGUAGE_STANDARD = gnu11;
				GCC_DYNAMIC_NO_PIC = NO;
				GCC_NO_COMMON_BLOCKS = YES;
				GCC_OPTIMIZATION_LEVEL = 0;
				GCC_PREPROCESSOR_DEFINITIONS = (
					"DEBUG=1",
					"$(inherited)",
				);
				GCC_WARN_64_TO_32_BIT_CONVERSION = YES;
				GCC_WARN_ABOUT_RETURN_TYPE = YES_ERROR;
				GCC_WARN_UNDECLARED_SELECTOR = YES;
				GCC_WARN_UNINITIALIZED_AUTOS = YES_AGGRESSIVE;
				GCC_WARN_UNUSED_FUNCTION = YES;
				GCC_WARN_UNUSED_VARIABLE = YES;
				IPHONEOS_DEPLOYMENT_TARGET = 13.4;
				MTL_ENABLE_DEBUG_INFO = INCLUDE_SOURCE;
				MTL_FAST_MATH = YES;
				ONLY_ACTIVE_ARCH = YES;
				SDKROOT = iphoneos;
				SWIFT_ACTIVE_COMPILATION_CONDITIONS = DEBUG;
				SWIFT_OPTIMIZATION_LEVEL = "-Onone";
			};
			name = Debug;
		};
		0524DF9125BF2EB800C2CC53 /* Release */ = {
			isa = XCBuildConfiguration;
			buildSettings = {
				ALWAYS_SEARCH_USER_PATHS = NO;
				CLANG_ANALYZER_NONNULL = YES;
				CLANG_ANALYZER_NUMBER_OBJECT_CONVERSION = YES_AGGRESSIVE;
				CLANG_CXX_LANGUAGE_STANDARD = "gnu++14";
				CLANG_CXX_LIBRARY = "libc++";
				CLANG_ENABLE_MODULES = YES;
				CLANG_ENABLE_OBJC_ARC = YES;
				CLANG_ENABLE_OBJC_WEAK = YES;
				CLANG_WARN_BLOCK_CAPTURE_AUTORELEASING = YES;
				CLANG_WARN_BOOL_CONVERSION = YES;
				CLANG_WARN_COMMA = YES;
				CLANG_WARN_CONSTANT_CONVERSION = YES;
				CLANG_WARN_DEPRECATED_OBJC_IMPLEMENTATIONS = YES;
				CLANG_WARN_DIRECT_OBJC_ISA_USAGE = YES_ERROR;
				CLANG_WARN_DOCUMENTATION_COMMENTS = YES;
				CLANG_WARN_EMPTY_BODY = YES;
				CLANG_WARN_ENUM_CONVERSION = YES;
				CLANG_WARN_INFINITE_RECURSION = YES;
				CLANG_WARN_INT_CONVERSION = YES;
				CLANG_WARN_NON_LITERAL_NULL_CONVERSION = YES;
				CLANG_WARN_OBJC_IMPLICIT_RETAIN_SELF = YES;
				CLANG_WARN_OBJC_LITERAL_CONVERSION = YES;
				CLANG_WARN_OBJC_ROOT_CLASS = YES_ERROR;
				CLANG_WARN_RANGE_LOOP_ANALYSIS = YES;
				CLANG_WARN_STRICT_PROTOTYPES = YES;
				CLANG_WARN_SUSPICIOUS_MOVE = YES;
				CLANG_WARN_UNGUARDED_AVAILABILITY = YES_AGGRESSIVE;
				CLANG_WARN_UNREACHABLE_CODE = YES;
				CLANG_WARN__DUPLICATE_METHOD_MATCH = YES;
				COPY_PHASE_STRIP = NO;
				DEBUG_INFORMATION_FORMAT = "dwarf-with-dsym";
				ENABLE_NS_ASSERTIONS = NO;
				ENABLE_STRICT_OBJC_MSGSEND = YES;
				GCC_C_LANGUAGE_STANDARD = gnu11;
				GCC_NO_COMMON_BLOCKS = YES;
				GCC_WARN_64_TO_32_BIT_CONVERSION = YES;
				GCC_WARN_ABOUT_RETURN_TYPE = YES_ERROR;
				GCC_WARN_UNDECLARED_SELECTOR = YES;
				GCC_WARN_UNINITIALIZED_AUTOS = YES_AGGRESSIVE;
				GCC_WARN_UNUSED_FUNCTION = YES;
				GCC_WARN_UNUSED_VARIABLE = YES;
				IPHONEOS_DEPLOYMENT_TARGET = 13.4;
				MTL_ENABLE_DEBUG_INFO = NO;
				MTL_FAST_MATH = YES;
				SDKROOT = iphoneos;
				SWIFT_COMPILATION_MODE = wholemodule;
				SWIFT_OPTIMIZATION_LEVEL = "-O";
				VALIDATE_PRODUCT = YES;
			};
			name = Release;
		};
		0524DF9325BF2EB800C2CC53 /* Debug */ = {
			isa = XCBuildConfiguration;
			baseConfigurationReference = 3B4413C93B613156FAD55636 /* Pods-Imagezz.debug.xcconfig */;
			buildSettings = {
				ASSETCATALOG_COMPILER_APPICON_NAME = AppIcon;
				CODE_SIGN_STYLE = Automatic;
				DEVELOPMENT_TEAM = A96Z2P3PM3;
				INFOPLIST_FILE = Imagezz/Info.plist;
				IPHONEOS_DEPLOYMENT_TARGET = 13.0;
				LD_RUNPATH_SEARCH_PATHS = (
					"$(inherited)",
					"@executable_path/Frameworks",
				);
				PRODUCT_BUNDLE_IDENTIFIER = com.fpoljak.Imagezz;
				PRODUCT_NAME = "$(TARGET_NAME)";
				SWIFT_VERSION = 5.0;
				TARGETED_DEVICE_FAMILY = "1,2";
			};
			name = Debug;
		};
		0524DF9425BF2EB800C2CC53 /* Release */ = {
			isa = XCBuildConfiguration;
			baseConfigurationReference = 818C755300BE7382967DA2F7 /* Pods-Imagezz.release.xcconfig */;
			buildSettings = {
				ASSETCATALOG_COMPILER_APPICON_NAME = AppIcon;
				CODE_SIGN_STYLE = Automatic;
				DEVELOPMENT_TEAM = A96Z2P3PM3;
				INFOPLIST_FILE = Imagezz/Info.plist;
				IPHONEOS_DEPLOYMENT_TARGET = 13.0;
				LD_RUNPATH_SEARCH_PATHS = (
					"$(inherited)",
					"@executable_path/Frameworks",
				);
				PRODUCT_BUNDLE_IDENTIFIER = com.fpoljak.Imagezz;
				PRODUCT_NAME = "$(TARGET_NAME)";
				SWIFT_VERSION = 5.0;
				TARGETED_DEVICE_FAMILY = "1,2";
			};
			name = Release;
		};
		0524DF9625BF2EB800C2CC53 /* Debug */ = {
			isa = XCBuildConfiguration;
			baseConfigurationReference = 48B9EC326392CF985C7D5870 /* Pods-ImagezzTests.debug.xcconfig */;
			buildSettings = {
				ALWAYS_EMBED_SWIFT_STANDARD_LIBRARIES = YES;
				BUNDLE_LOADER = "$(TEST_HOST)";
				CODE_SIGN_STYLE = Automatic;
				DEVELOPMENT_TEAM = A96Z2P3PM3;
				INFOPLIST_FILE = ImagezzTests/Info.plist;
				IPHONEOS_DEPLOYMENT_TARGET = 13.4;
				LD_RUNPATH_SEARCH_PATHS = (
					"$(inherited)",
					"@executable_path/Frameworks",
					"@loader_path/Frameworks",
				);
				PRODUCT_BUNDLE_IDENTIFIER = com.fpoljak.ImagezzTests;
				PRODUCT_NAME = "$(TARGET_NAME)";
				SWIFT_VERSION = 5.0;
				TARGETED_DEVICE_FAMILY = "1,2";
				TEST_HOST = "$(BUILT_PRODUCTS_DIR)/Imagezz.app/Imagezz";
			};
			name = Debug;
		};
		0524DF9725BF2EB800C2CC53 /* Release */ = {
			isa = XCBuildConfiguration;
			baseConfigurationReference = DAAB0F46F5DE53AAC30763B2 /* Pods-ImagezzTests.release.xcconfig */;
			buildSettings = {
				ALWAYS_EMBED_SWIFT_STANDARD_LIBRARIES = YES;
				BUNDLE_LOADER = "$(TEST_HOST)";
				CODE_SIGN_STYLE = Automatic;
				DEVELOPMENT_TEAM = A96Z2P3PM3;
				INFOPLIST_FILE = ImagezzTests/Info.plist;
				IPHONEOS_DEPLOYMENT_TARGET = 13.4;
				LD_RUNPATH_SEARCH_PATHS = (
					"$(inherited)",
					"@executable_path/Frameworks",
					"@loader_path/Frameworks",
				);
				PRODUCT_BUNDLE_IDENTIFIER = com.fpoljak.ImagezzTests;
				PRODUCT_NAME = "$(TARGET_NAME)";
				SWIFT_VERSION = 5.0;
				TARGETED_DEVICE_FAMILY = "1,2";
				TEST_HOST = "$(BUILT_PRODUCTS_DIR)/Imagezz.app/Imagezz";
			};
			name = Release;
		};
		0524DF9925BF2EB800C2CC53 /* Debug */ = {
			isa = XCBuildConfiguration;
			baseConfigurationReference = ECAFF487C99A2A92F59FB34E /* Pods-ImagezzUITests.debug.xcconfig */;
			buildSettings = {
				ALWAYS_EMBED_SWIFT_STANDARD_LIBRARIES = YES;
				CODE_SIGN_STYLE = Automatic;
				DEVELOPMENT_TEAM = A96Z2P3PM3;
				INFOPLIST_FILE = ImagezzUITests/Info.plist;
				LD_RUNPATH_SEARCH_PATHS = (
					"$(inherited)",
					"@executable_path/Frameworks",
					"@loader_path/Frameworks",
				);
				PRODUCT_BUNDLE_IDENTIFIER = com.fpoljak.ImagezzUITests;
				PRODUCT_NAME = "$(TARGET_NAME)";
				SWIFT_VERSION = 5.0;
				TARGETED_DEVICE_FAMILY = "1,2";
				TEST_TARGET_NAME = Imagezz;
			};
			name = Debug;
		};
		0524DF9A25BF2EB800C2CC53 /* Release */ = {
			isa = XCBuildConfiguration;
			baseConfigurationReference = 0DDCB2071CEF78870E0C863F /* Pods-ImagezzUITests.release.xcconfig */;
			buildSettings = {
				ALWAYS_EMBED_SWIFT_STANDARD_LIBRARIES = YES;
				CODE_SIGN_STYLE = Automatic;
				DEVELOPMENT_TEAM = A96Z2P3PM3;
				INFOPLIST_FILE = ImagezzUITests/Info.plist;
				LD_RUNPATH_SEARCH_PATHS = (
					"$(inherited)",
					"@executable_path/Frameworks",
					"@loader_path/Frameworks",
				);
				PRODUCT_BUNDLE_IDENTIFIER = com.fpoljak.ImagezzUITests;
				PRODUCT_NAME = "$(TARGET_NAME)";
				SWIFT_VERSION = 5.0;
				TARGETED_DEVICE_FAMILY = "1,2";
				TEST_TARGET_NAME = Imagezz;
			};
			name = Release;
		};
/* End XCBuildConfiguration section */

/* Begin XCConfigurationList section */
		0524DF6325BF2EB400C2CC53 /* Build configuration list for PBXProject "Imagezz" */ = {
			isa = XCConfigurationList;
			buildConfigurations = (
				0524DF9025BF2EB800C2CC53 /* Debug */,
				0524DF9125BF2EB800C2CC53 /* Release */,
			);
			defaultConfigurationIsVisible = 0;
			defaultConfigurationName = Release;
		};
		0524DF9225BF2EB800C2CC53 /* Build configuration list for PBXNativeTarget "Imagezz" */ = {
			isa = XCConfigurationList;
			buildConfigurations = (
				0524DF9325BF2EB800C2CC53 /* Debug */,
				0524DF9425BF2EB800C2CC53 /* Release */,
			);
			defaultConfigurationIsVisible = 0;
			defaultConfigurationName = Release;
		};
		0524DF9525BF2EB800C2CC53 /* Build configuration list for PBXNativeTarget "ImagezzTests" */ = {
			isa = XCConfigurationList;
			buildConfigurations = (
				0524DF9625BF2EB800C2CC53 /* Debug */,
				0524DF9725BF2EB800C2CC53 /* Release */,
			);
			defaultConfigurationIsVisible = 0;
			defaultConfigurationName = Release;
		};
		0524DF9825BF2EB800C2CC53 /* Build configuration list for PBXNativeTarget "ImagezzUITests" */ = {
			isa = XCConfigurationList;
			buildConfigurations = (
				0524DF9925BF2EB800C2CC53 /* Debug */,
				0524DF9A25BF2EB800C2CC53 /* Release */,
			);
			defaultConfigurationIsVisible = 0;
			defaultConfigurationName = Release;
		};
/* End XCConfigurationList section */
	};
	rootObject = 0524DF6025BF2EB400C2CC53 /* Project object */;
}
